
Microsoft Visual Studio Solution File, Format Version 12.00
# Visual Studio Express 2013 for Web
VisualStudioVersion = 12.0.40629.0
MinimumVisualStudioVersion = 10.0.40219.1
Project("{FAE04EC0-301F-11D3-BF4B-00C04F79EFBC}") = "JBB.SelfHost", "JBB.SelfHost\JBB.SelfHost.csproj", "{29FB0B19-7DAB-483B-9E67-79811B68FF3F}"
EndProject
Project("{FAE04EC0-301F-11D3-BF4B-00C04F79EFBC}") = "JBB.Common", "JBB.Common\JBB.Common.csproj", "{6CA83C11-B5FB-4D33-9F18-BDD0167C4FB8}"
EndProject
Project("{FAE04EC0-301F-11D3-BF4B-00C04F79EFBC}") = "JBB.Model", "JBB.Model\JBB.Model.csproj", "{C4D80CA0-277F-4145-B850-E3211B6CE90D}"
EndProject
Project("{FAE04EC0-301F-11D3-BF4B-00C04F79EFBC}") = "JBB.DAL.EF", "JBB.DAL.EF\JBB.DAL.EF.csproj", "{5CC8F92C-0FC8-419E-BC64-11327FF5E6C5}"
EndProject
Project("{FAE04EC0-301F-11D3-BF4B-00C04F79EFBC}") = "JBB.WebApi", "JBB.WebApi\JBB.WebApi.csproj", "{E82AE601-0768-4FDA-92A1-2258F5C14FDF}"
EndProject
Global
	GlobalSection(SolutionConfigurationPlatforms) = preSolution
		Debug|Any CPU = Debug|Any CPU
		Release|Any CPU = Release|Any CPU
	EndGlobalSection
	GlobalSection(ProjectConfigurationPlatforms) = postSolution
		{29FB0B19-7DAB-483B-9E67-79811B68FF3F}.Debug|Any CPU.ActiveCfg = Debug|Any CPU
		{29FB0B19-7DAB-483B-9E67-79811B68FF3F}.Debug|Any CPU.Build.0 = Debug|Any CPU
		{29FB0B19-7DAB-483B-9E67-79811B68FF3F}.Release|Any CPU.ActiveCfg = Release|Any CPU
		{29FB0B19-7DAB-483B-9E67-79811B68FF3F}.Release|Any CPU.Build.0 = Release|Any CPU
		{6CA83C11-B5FB-4D33-9F18-BDD0167C4FB8}.Debug|Any CPU.ActiveCfg = Debug|Any CPU
		{6CA83C11-B5FB-4D33-9F18-BDD0167C4FB8}.Debug|Any CPU.Build.0 = Debug|Any CPU
		{6CA83C11-B5FB-4D33-9F18-BDD0167C4FB8}.Release|Any CPU.ActiveCfg = Release|Any CPU
		{6CA83C11-B5FB-4D33-9F18-BDD0167C4FB8}.Release|Any CPU.Build.0 = Release|Any CPU
		{C4D80CA0-277F-4145-B850-E3211B6CE90D}.Debug|Any CPU.ActiveCfg = Debug|Any CPU
		{C4D80CA0-277F-4145-B850-E3211B6CE90D}.Debug|Any CPU.Build.0 = Debug|Any CPU
		{C4D80CA0-277F-4145-B850-E3211B6CE90D}.Release|Any CPU.ActiveCfg = Release|Any CPU
		{C4D80CA0-277F-4145-B850-E3211B6CE90D}.Release|Any CPU.Build.0 = Release|Any CPU
		{5CC8F92C-0FC8-419E-BC64-11327FF5E6C5}.Debug|Any CPU.ActiveCfg = Debug|Any CPU
		{5CC8F92C-0FC8-419E-BC64-11327FF5E6C5}.Debug|Any CPU.Build.0 = Debug|Any CPU
		{5CC8F92C-0FC8-419E-BC64-11327FF5E6C5}.Release|Any CPU.ActiveCfg = Release|Any CPU
		{5CC8F92C-0FC8-419E-BC64-11327FF5E6C5}.Release|Any CPU.Build.0 = Release|Any CPU
		{E82AE601-0768-4FDA-92A1-2258F5C14FDF}.Debug|Any CPU.ActiveCfg = Debug|Any CPU
		{E82AE601-0768-4FDA-92A1-2258F5C14FDF}.Debug|Any CPU.Build.0 = Debug|Any CPU
		{E82AE601-0768-4FDA-92A1-2258F5C14FDF}.Release|Any CPU.ActiveCfg = Release|Any CPU
		{E82AE601-0768-4FDA-92A1-2258F5C14FDF}.Release|Any CPU.Build.0 = Release|Any CPU
	EndGlobalSection
	GlobalSection(SolutionProperties) = preSolution
		HideSolutionNode = FALSE
	EndGlobalSection
EndGlobal
